
Microsoft Visual Studio Solution File, Format Version 12.00
# Visual Studio 15
VisualStudioVersion = 15.0.28010.0
MinimumVisualStudioVersion = 10.0.40219.1
Project("{FAE04EC0-301F-11D3-BF4B-00C04F79EFBC}") = "CyberDash", "CyberDash\CyberDash.csproj", "{9E293B4C-ED70-44C1-B30C-90F68FB64EA4}"
EndProject
Project("{FAE04EC0-301F-11D3-BF4B-00C04F79EFBC}") = "PanelControls", "PanelControls\PanelControls.csproj", "{6159B94F-4E36-46D4-AD8F-D57BCC4E15DE}"
EndProject
Global
	GlobalSection(SolutionConfigurationPlatforms) = preSolution
		Debug|Any CPU = Debug|Any CPU
		Release|Any CPU = Release|Any CPU
	EndGlobalSection
	GlobalSection(ProjectConfigurationPlatforms) = postSolution
		{9E293B4C-ED70-44C1-B30C-90F68FB64EA4}.Debug|Any CPU.ActiveCfg = Debug|Any CPU
		{9E293B4C-ED70-44C1-B30C-90F68FB64EA4}.Debug|Any CPU.Build.0 = Debug|Any CPU
		{9E293B4C-ED70-44C1-B30C-90F68FB64EA4}.Release|Any CPU.ActiveCfg = Release|Any CPU
		{9E293B4C-ED70-44C1-B30C-90F68FB64EA4}.Release|Any CPU.Build.0 = Release|Any CPU
		{6159B94F-4E36-46D4-AD8F-D57BCC4E15DE}.Debug|Any CPU.ActiveCfg = Debug|Any CPU
		{6159B94F-4E36-46D4-AD8F-D57BCC4E15DE}.Debug|Any CPU.Build.0 = Debug|Any CPU
		{6159B94F-4E36-46D4-AD8F-D57BCC4E15DE}.Release|Any CPU.ActiveCfg = Release|Any CPU
		{6159B94F-4E36-46D4-AD8F-D57BCC4E15DE}.Release|Any CPU.Build.0 = Release|Any CPU
	EndGlobalSection
	GlobalSection(SolutionProperties) = preSolution
		HideSolutionNode = FALSE
	EndGlobalSection
	GlobalSection(ExtensibilityGlobals) = postSolution
		SolutionGuid = {8DE07820-FF08-499B-BEF7-9B528210411C}
	EndGlobalSection
EndGlobal
